github.com/zhangyunhao116/atomicx v0.0.0-20210727162021-916658e75bb4 h1:LNX98clJtFSLF1HoxcQZ2rukb652ZG/wRbZnS37MfHk=
github.com/zhangyunhao116/atomicx v0.0.0-20210727162021-916658e75bb4/go.mod h1:KLbzCKd7lkkRUrCLFR4IAkE5NH5C8cP8eeWpQw2NBgE=
github.com/zhangyunhao116/fastrand v0.1.0 h1:NBvafu24zKd6taYBVtw9MWyxkK/HSSVnFtxnPAprasw=
github.com/zhangyunhao116/fastrand v0.1.0/go.mod h1:0v5KgHho0VE6HU192HnY15de/oDS8UrbBChIFjIhBtc=
github.com/zhangyunhao116/sbconv v0.2.1 h1:9Z43QFpnkYNjCrRz8UR9ShVRVQ0OG5VtLKQ3mAL5zjU=
github.com/zhangyunhao116/sbconv v0.2.1/go.mod h1:pdAXGnJGNM68XNdJOfGCelkEHgrQMWSeW/2/qKjuiQQ=
github.com/zhangyunhao116/skipset v0.11.0 h1:gVr63OFozfJvxeHUKH1DXLiSWHJfrKhb1CKKIwUZfwo=
github.com/zhangyunhao116/skipset v0.11.0/go.mod h1:rRUvC4pQRccLTGmVfye7H0uxapnmQ6REsHnh2BLtG7w=
github.com/zhangyunhao116/wyhash v0.3.2 h1:v2VfcnTCLWv0mjFNg6t2EcZAj8Y91fG7Vb004xHauXI=
github.com/zhangyunhao116/wyhash v0.3.2/go.mod h1:9okT6cr1VZK9N3Tv0I6qUYDNtQgOfcQgfMRCEXt9d8I=
golang.org/x/sys v0.0.0-20210630005230-0f9fa26af87c h1:F1jZWGFhYfh0Ci55sIpILtKKK8p3i2/krTr0H1rg74I=
golang.org/x/sys v0.0.0-20210630005230-0f9fa26af87c/go.mod h1:oPkhp1MJrh7nUepCBck5+mAzfO9JrbApNNgaTdGDITg=
